
Microsoft Visual Studio Solution File, Format Version 12.00
# Visual Studio Version 17
VisualStudioVersion = 17.13.35825.156 d17.13
MinimumVisualStudioVersion = 10.0.40219.1
Project("{FAE04EC0-301F-11D3-BF4B-00C04F79EFBC}") = "WebApplication_bookstoreApi", "WebApplication_bookstoreApi.csproj", "{F132F01E-58A5-4D11-9983-CEDC72147888}"
EndProject
Global
	GlobalSection(SolutionConfigurationPlatforms) = preSolution
		Debug|Any CPU = Debug|Any CPU
		Release|Any CPU = Release|Any CPU
	EndGlobalSection
	GlobalSection(ProjectConfigurationPlatforms) = postSolution
		{F132F01E-58A5-4D11-9983-CEDC72147888}.Debug|Any CPU.ActiveCfg = Debug|Any CPU
		{F132F01E-58A5-4D11-9983-CEDC72147888}.Debug|Any CPU.Build.0 = Debug|Any CPU
		{F132F01E-58A5-4D11-9983-CEDC72147888}.Release|Any CPU.ActiveCfg = Release|Any CPU
		{F132F01E-58A5-4D11-9983-CEDC72147888}.Release|Any CPU.Build.0 = Release|Any CPU
	EndGlobalSection
	GlobalSection(SolutionProperties) = preSolution
		HideSolutionNode = FALSE
	EndGlobalSection
	GlobalSection(ExtensibilityGlobals) = postSolution
		SolutionGuid = {A7A33E12-8A6A-49DC-A2F2-1432B2687EB7}
	EndGlobalSection
EndGlobal
